
Microsoft Visual Studio Solution File, Format Version 11.00
# Visual C# Express 2010
Project("{FAE04EC0-301F-11D3-BF4B-00C04F79EFBC}") = "personal-training-martial-arts", "personal-training-martial-arts\personal-training-martial-arts\personal-training-martial-arts.csproj", "{A2B7360D-22B3-48FC-9AC0-CF91D837123D}"
EndProject
Project("{FAE04EC0-301F-11D3-BF4B-00C04F79EFBC}") = "personal-training-martial-artsContent", "personal-training-martial-arts\personal-training-martial-artsContent\personal-training-martial-artsContent.contentproj", "{6CCAAB5E-B86F-48CC-9BD2-DCA12A4E0472}"
EndProject
Project("{FAE04EC0-301F-11D3-BF4B-00C04F79EFBC}") = "personal-training-martial-arts.Tests", "personal-training-martial-arts.Tests\personal-training-martial-arts.Tests.csproj", "{22BB09D7-83BC-468A-9704-AD208691F355}"
EndProject
Project("{FAE04EC0-301F-11D3-BF4B-00C04F79EFBC}") = "personal-training-martial-arts.Recorder", "personal-training-martial-arts.Recorder\personal-training-martial-arts.Recorder\personal-training-martial-arts.Recorder.csproj", "{821B41CD-5796-445F-A085-539BB379F9FF}"
EndProject
Project("{FAE04EC0-301F-11D3-BF4B-00C04F79EFBC}") = "personal-training-martial-arts.RecorderContent", "personal-training-martial-arts.Recorder\personal-training-martial-arts.RecorderContent\personal-training-martial-arts.RecorderContent.contentproj", "{D29D8586-52AA-4AAF-B89C-8871B6ECB68D}"
EndProject
Project("{FAE04EC0-301F-11D3-BF4B-00C04F79EFBC}") = "XNAGraphics", "personal-training-martial-arts.Refactor\XNAGraphics\XNAGraphics\XNAGraphics.csproj", "{B05F22EB-CDC9-4693-8E8F-53210509B7B5}"
EndProject
Project("{FAE04EC0-301F-11D3-BF4B-00C04F79EFBC}") = "XNAGraphicsContent", "personal-training-martial-arts.Refactor\XNAGraphics\XNAGraphicsContent\XNAGraphicsContent.contentproj", "{F7E571F8-09CC-4AA2-B9A0-FD042BE4F840}"
EndProject
Global
	GlobalSection(SolutionConfigurationPlatforms) = preSolution
		Debug|Any CPU = Debug|Any CPU
		Debug|x86 = Debug|x86
		Release|Any CPU = Release|Any CPU
		Release|x86 = Release|x86
	EndGlobalSection
	GlobalSection(ProjectConfigurationPlatforms) = postSolution
		{A2B7360D-22B3-48FC-9AC0-CF91D837123D}.Debug|Any CPU.ActiveCfg = Debug|x86
		{A2B7360D-22B3-48FC-9AC0-CF91D837123D}.Debug|x86.ActiveCfg = Debug|x86
		{A2B7360D-22B3-48FC-9AC0-CF91D837123D}.Debug|x86.Build.0 = Debug|x86
		{A2B7360D-22B3-48FC-9AC0-CF91D837123D}.Release|Any CPU.ActiveCfg = Release|x86
		{A2B7360D-22B3-48FC-9AC0-CF91D837123D}.Release|x86.ActiveCfg = Release|x86
		{A2B7360D-22B3-48FC-9AC0-CF91D837123D}.Release|x86.Build.0 = Release|x86
		{6CCAAB5E-B86F-48CC-9BD2-DCA12A4E0472}.Debug|Any CPU.ActiveCfg = Debug|x86
		{6CCAAB5E-B86F-48CC-9BD2-DCA12A4E0472}.Debug|x86.ActiveCfg = Debug|x86
		{6CCAAB5E-B86F-48CC-9BD2-DCA12A4E0472}.Release|Any CPU.ActiveCfg = Release|x86
		{6CCAAB5E-B86F-48CC-9BD2-DCA12A4E0472}.Release|x86.ActiveCfg = Release|x86
		{22BB09D7-83BC-468A-9704-AD208691F355}.Debug|Any CPU.ActiveCfg = Debug|x86
		{22BB09D7-83BC-468A-9704-AD208691F355}.Debug|x86.ActiveCfg = Debug|x86
		{22BB09D7-83BC-468A-9704-AD208691F355}.Debug|x86.Build.0 = Debug|x86
		{22BB09D7-83BC-468A-9704-AD208691F355}.Release|Any CPU.ActiveCfg = Release|x86
		{22BB09D7-83BC-468A-9704-AD208691F355}.Release|x86.ActiveCfg = Release|x86
		{22BB09D7-83BC-468A-9704-AD208691F355}.Release|x86.Build.0 = Release|x86
		{821B41CD-5796-445F-A085-539BB379F9FF}.Debug|Any CPU.ActiveCfg = Debug|x86
		{821B41CD-5796-445F-A085-539BB379F9FF}.Debug|x86.ActiveCfg = Debug|x86
		{821B41CD-5796-445F-A085-539BB379F9FF}.Debug|x86.Build.0 = Debug|x86
		{821B41CD-5796-445F-A085-539BB379F9FF}.Release|Any CPU.ActiveCfg = Release|x86
		{821B41CD-5796-445F-A085-539BB379F9FF}.Release|x86.ActiveCfg = Release|x86
		{821B41CD-5796-445F-A085-539BB379F9FF}.Release|x86.Build.0 = Release|x86
		{D29D8586-52AA-4AAF-B89C-8871B6ECB68D}.Debug|Any CPU.ActiveCfg = Debug|x86
		{D29D8586-52AA-4AAF-B89C-8871B6ECB68D}.Debug|x86.ActiveCfg = Debug|x86
		{D29D8586-52AA-4AAF-B89C-8871B6ECB68D}.Release|Any CPU.ActiveCfg = Release|x86
		{D29D8586-52AA-4AAF-B89C-8871B6ECB68D}.Release|x86.ActiveCfg = Release|x86
		{B05F22EB-CDC9-4693-8E8F-53210509B7B5}.Debug|Any CPU.ActiveCfg = Debug|x86
		{B05F22EB-CDC9-4693-8E8F-53210509B7B5}.Debug|x86.ActiveCfg = Debug|x86
		{B05F22EB-CDC9-4693-8E8F-53210509B7B5}.Debug|x86.Build.0 = Debug|x86
		{B05F22EB-CDC9-4693-8E8F-53210509B7B5}.Release|Any CPU.ActiveCfg = Release|x86
		{B05F22EB-CDC9-4693-8E8F-53210509B7B5}.Release|x86.ActiveCfg = Release|x86
		{B05F22EB-CDC9-4693-8E8F-53210509B7B5}.Release|x86.Build.0 = Release|x86
		{F7E571F8-09CC-4AA2-B9A0-FD042BE4F840}.Debug|Any CPU.ActiveCfg = Debug|x86
		{F7E571F8-09CC-4AA2-B9A0-FD042BE4F840}.Debug|x86.ActiveCfg = Debug|x86
		{F7E571F8-09CC-4AA2-B9A0-FD042BE4F840}.Release|Any CPU.ActiveCfg = Release|x86
		{F7E571F8-09CC-4AA2-B9A0-FD042BE4F840}.Release|x86.ActiveCfg = Release|x86
	EndGlobalSection
	GlobalSection(SolutionProperties) = preSolution
		HideSolutionNode = FALSE
	EndGlobalSection
EndGlobal
